
Microsoft Visual Studio Solution File, Format Version 12.00
# Visual Studio Version 16
VisualStudioVersion = 16.0.34407.143
MinimumVisualStudioVersion = 10.0.40219.1
Project("{FAE04EC0-301F-11D3-BF4B-00C04F79EFBC}") = "appConsDemo", "appConsDemo.csproj", "{6F46E80E-7B50-4441-980C-E86CC9C83B41}"
EndProject
Project("{FAE04EC0-301F-11D3-BF4B-00C04F79EFBC}") = "LibServices", "..\LibServices\LibServices.csproj", "{1DFA2F9D-2C35-4D8D-A3DC-4FC794AE1DAA}"
EndProject
Project("{FAE04EC0-301F-11D3-BF4B-00C04F79EFBC}") = "uTestDemo", "..\uTestDemo\uTestDemo.csproj", "{C7A1DC10-3D2F-478A-965E-A08C3B4370DA}"
EndProject
Global
	GlobalSection(SolutionConfigurationPlatforms) = preSolution
		Debug|Any CPU = Debug|Any CPU
		Release|Any CPU = Release|Any CPU
	EndGlobalSection
	GlobalSection(ProjectConfigurationPlatforms) = postSolution
		{6F46E80E-7B50-4441-980C-E86CC9C83B41}.Debug|Any CPU.ActiveCfg = Debug|Any CPU
		{6F46E80E-7B50-4441-980C-E86CC9C83B41}.Debug|Any CPU.Build.0 = Debug|Any CPU
		{6F46E80E-7B50-4441-980C-E86CC9C83B41}.Release|Any CPU.ActiveCfg = Release|Any CPU
		{6F46E80E-7B50-4441-980C-E86CC9C83B41}.Release|Any CPU.Build.0 = Release|Any CPU
		{1DFA2F9D-2C35-4D8D-A3DC-4FC794AE1DAA}.Debug|Any CPU.ActiveCfg = Debug|Any CPU
		{1DFA2F9D-2C35-4D8D-A3DC-4FC794AE1DAA}.Debug|Any CPU.Build.0 = Debug|Any CPU
		{1DFA2F9D-2C35-4D8D-A3DC-4FC794AE1DAA}.Release|Any CPU.ActiveCfg = Release|Any CPU
		{1DFA2F9D-2C35-4D8D-A3DC-4FC794AE1DAA}.Release|Any CPU.Build.0 = Release|Any CPU
		{C7A1DC10-3D2F-478A-965E-A08C3B4370DA}.Debug|Any CPU.ActiveCfg = Debug|Any CPU
		{C7A1DC10-3D2F-478A-965E-A08C3B4370DA}.Debug|Any CPU.Build.0 = Debug|Any CPU
		{C7A1DC10-3D2F-478A-965E-A08C3B4370DA}.Release|Any CPU.ActiveCfg = Release|Any CPU
		{C7A1DC10-3D2F-478A-965E-A08C3B4370DA}.Release|Any CPU.Build.0 = Release|Any CPU
	EndGlobalSection
	GlobalSection(SolutionProperties) = preSolution
		HideSolutionNode = FALSE
	EndGlobalSection
	GlobalSection(ExtensibilityGlobals) = postSolution
		SolutionGuid = {41D47C1F-3674-49E0-B160-031036845630}
	EndGlobalSection
EndGlobal
